
Microsoft Visual Studio Solution File, Format Version 12.00
# Visual Studio Version 17
VisualStudioVersion = 17.0.31903.59
MinimumVisualStudioVersion = 10.0.40219.1
Project("{2150E333-8FDC-42A3-9474-1A3956D46DE8}") = "src", "src", "{77AEC930-5DD6-41BC-AC77-701157F57D30}"
EndProject
Project("{FAE04EC0-301F-11D3-BF4B-00C04F79EFBC}") = "ASG.Application", "src\ASG.Application\ASG.Application.csproj", "{D8AA2043-28DA-4E84-AC00-860C69436D35}"
EndProject
Project("{FAE04EC0-301F-11D3-BF4B-00C04F79EFBC}") = "ASG.Domain", "src\ASG.Domain\ASG.Domain.csproj", "{0A4F52DE-E960-4A1C-A01A-4A8343F49C8E}"
EndProject
Project("{FAE04EC0-301F-11D3-BF4B-00C04F79EFBC}") = "ASG.Infrastructure", "src\ASG.Infrastructure\ASG.Infrastructure.csproj", "{50D905BC-3D47-4065-9009-6592FC04EFFC}"
EndProject
Project("{FAE04EC0-301F-11D3-BF4B-00C04F79EFBC}") = "ASG.Api", "src\ASG.Api\ASG.Api.csproj", "{4CE988BF-258E-4130-A6E0-BC492FCF81D0}"
EndProject
Project("{FAE04EC0-301F-11D3-BF4B-00C04F79EFBC}") = "ASG.Contracts", "src\ASG.Contracts\ASG.Contracts.csproj", "{693AC6DE-11D4-4072-AE8F-CE223776E28E}"
EndProject
Project("{FAE04EC0-301F-11D3-BF4B-00C04F79EFBC}") = "ConsoleApp", "ConsoleApp\ConsoleApp.csproj", "{82150DEB-271F-4FB1-888B-E7C3B3B1ED92}"
EndProject
Project("{2150E333-8FDC-42A3-9474-1A3956D46DE8}") = "tests", "tests", "{BDC790AA-A0D4-459F-A936-11031AAA97BD}"
EndProject
Project("{FAE04EC0-301F-11D3-BF4B-00C04F79EFBC}") = "ASG.Domain.UnitTests", "tests\ASG.Domain.UnitTests\ASG.Domain.UnitTests.csproj", "{8619709B-95C3-4E5E-96BA-C20C73166AD7}"
EndProject
Project("{FAE04EC0-301F-11D3-BF4B-00C04F79EFBC}") = "TestCommon", "tests\TestCommon\TestCommon.csproj", "{995D8235-60C0-48B6-892F-0BE673459259}"
EndProject
Project("{FAE04EC0-301F-11D3-BF4B-00C04F79EFBC}") = "ASG.Application.UnitTests", "tests\ASG.Application.UnitTests\ASG.Application.UnitTests.csproj", "{1AA4014F-12CD-4E52-9E5E-329E6843F288}"
EndProject
Project("{FAE04EC0-301F-11D3-BF4B-00C04F79EFBC}") = "ASG.Application.SubcutaneousTests", "tests\ASG.Application.SubcutaneousTests\ASG.Application.SubcutaneousTests.csproj", "{0CED12A3-30E6-4942-8452-52056FB1361C}"
EndProject
Project("{FAE04EC0-301F-11D3-BF4B-00C04F79EFBC}") = "ASG.Api.IntegrationTests", "tests\ASG.Api.IntegrationTests\ASG.Api.IntegrationTests.csproj", "{B07879D8-0E9E-42A2-843C-10F0566CAD95}"
EndProject
Global
	GlobalSection(SolutionConfigurationPlatforms) = preSolution
		Debug|Any CPU = Debug|Any CPU
		Release|Any CPU = Release|Any CPU
	EndGlobalSection
	GlobalSection(SolutionProperties) = preSolution
		HideSolutionNode = FALSE
	EndGlobalSection
	GlobalSection(ProjectConfigurationPlatforms) = postSolution
		{D8AA2043-28DA-4E84-AC00-860C69436D35}.Debug|Any CPU.ActiveCfg = Debug|Any CPU
		{D8AA2043-28DA-4E84-AC00-860C69436D35}.Debug|Any CPU.Build.0 = Debug|Any CPU
		{D8AA2043-28DA-4E84-AC00-860C69436D35}.Release|Any CPU.ActiveCfg = Release|Any CPU
		{D8AA2043-28DA-4E84-AC00-860C69436D35}.Release|Any CPU.Build.0 = Release|Any CPU
		{0A4F52DE-E960-4A1C-A01A-4A8343F49C8E}.Debug|Any CPU.ActiveCfg = Debug|Any CPU
		{0A4F52DE-E960-4A1C-A01A-4A8343F49C8E}.Debug|Any CPU.Build.0 = Debug|Any CPU
		{0A4F52DE-E960-4A1C-A01A-4A8343F49C8E}.Release|Any CPU.ActiveCfg = Release|Any CPU
		{0A4F52DE-E960-4A1C-A01A-4A8343F49C8E}.Release|Any CPU.Build.0 = Release|Any CPU
		{50D905BC-3D47-4065-9009-6592FC04EFFC}.Debug|Any CPU.ActiveCfg = Debug|Any CPU
		{50D905BC-3D47-4065-9009-6592FC04EFFC}.Debug|Any CPU.Build.0 = Debug|Any CPU
		{50D905BC-3D47-4065-9009-6592FC04EFFC}.Release|Any CPU.ActiveCfg = Release|Any CPU
		{50D905BC-3D47-4065-9009-6592FC04EFFC}.Release|Any CPU.Build.0 = Release|Any CPU
		{4CE988BF-258E-4130-A6E0-BC492FCF81D0}.Debug|Any CPU.ActiveCfg = Debug|Any CPU
		{4CE988BF-258E-4130-A6E0-BC492FCF81D0}.Debug|Any CPU.Build.0 = Debug|Any CPU
		{4CE988BF-258E-4130-A6E0-BC492FCF81D0}.Release|Any CPU.ActiveCfg = Release|Any CPU
		{4CE988BF-258E-4130-A6E0-BC492FCF81D0}.Release|Any CPU.Build.0 = Release|Any CPU
		{693AC6DE-11D4-4072-AE8F-CE223776E28E}.Debug|Any CPU.ActiveCfg = Debug|Any CPU
		{693AC6DE-11D4-4072-AE8F-CE223776E28E}.Debug|Any CPU.Build.0 = Debug|Any CPU
		{693AC6DE-11D4-4072-AE8F-CE223776E28E}.Release|Any CPU.ActiveCfg = Release|Any CPU
		{693AC6DE-11D4-4072-AE8F-CE223776E28E}.Release|Any CPU.Build.0 = Release|Any CPU
		{82150DEB-271F-4FB1-888B-E7C3B3B1ED92}.Debug|Any CPU.ActiveCfg = Debug|Any CPU
		{82150DEB-271F-4FB1-888B-E7C3B3B1ED92}.Debug|Any CPU.Build.0 = Debug|Any CPU
		{82150DEB-271F-4FB1-888B-E7C3B3B1ED92}.Release|Any CPU.ActiveCfg = Release|Any CPU
		{82150DEB-271F-4FB1-888B-E7C3B3B1ED92}.Release|Any CPU.Build.0 = Release|Any CPU
		{8619709B-95C3-4E5E-96BA-C20C73166AD7}.Debug|Any CPU.ActiveCfg = Debug|Any CPU
		{8619709B-95C3-4E5E-96BA-C20C73166AD7}.Debug|Any CPU.Build.0 = Debug|Any CPU
		{8619709B-95C3-4E5E-96BA-C20C73166AD7}.Release|Any CPU.ActiveCfg = Release|Any CPU
		{8619709B-95C3-4E5E-96BA-C20C73166AD7}.Release|Any CPU.Build.0 = Release|Any CPU
		{995D8235-60C0-48B6-892F-0BE673459259}.Debug|Any CPU.ActiveCfg = Debug|Any CPU
		{995D8235-60C0-48B6-892F-0BE673459259}.Debug|Any CPU.Build.0 = Debug|Any CPU
		{995D8235-60C0-48B6-892F-0BE673459259}.Release|Any CPU.ActiveCfg = Release|Any CPU
		{995D8235-60C0-48B6-892F-0BE673459259}.Release|Any CPU.Build.0 = Release|Any CPU
		{1AA4014F-12CD-4E52-9E5E-329E6843F288}.Debug|Any CPU.ActiveCfg = Debug|Any CPU
		{1AA4014F-12CD-4E52-9E5E-329E6843F288}.Debug|Any CPU.Build.0 = Debug|Any CPU
		{1AA4014F-12CD-4E52-9E5E-329E6843F288}.Release|Any CPU.ActiveCfg = Release|Any CPU
		{1AA4014F-12CD-4E52-9E5E-329E6843F288}.Release|Any CPU.Build.0 = Release|Any CPU
		{0CED12A3-30E6-4942-8452-52056FB1361C}.Debug|Any CPU.ActiveCfg = Debug|Any CPU
		{0CED12A3-30E6-4942-8452-52056FB1361C}.Debug|Any CPU.Build.0 = Debug|Any CPU
		{0CED12A3-30E6-4942-8452-52056FB1361C}.Release|Any CPU.ActiveCfg = Release|Any CPU
		{0CED12A3-30E6-4942-8452-52056FB1361C}.Release|Any CPU.Build.0 = Release|Any CPU
		{B07879D8-0E9E-42A2-843C-10F0566CAD95}.Debug|Any CPU.ActiveCfg = Debug|Any CPU
		{B07879D8-0E9E-42A2-843C-10F0566CAD95}.Debug|Any CPU.Build.0 = Debug|Any CPU
		{B07879D8-0E9E-42A2-843C-10F0566CAD95}.Release|Any CPU.ActiveCfg = Release|Any CPU
		{B07879D8-0E9E-42A2-843C-10F0566CAD95}.Release|Any CPU.Build.0 = Release|Any CPU
	EndGlobalSection
	GlobalSection(NestedProjects) = preSolution
		{D8AA2043-28DA-4E84-AC00-860C69436D35} = {77AEC930-5DD6-41BC-AC77-701157F57D30}
		{0A4F52DE-E960-4A1C-A01A-4A8343F49C8E} = {77AEC930-5DD6-41BC-AC77-701157F57D30}
		{50D905BC-3D47-4065-9009-6592FC04EFFC} = {77AEC930-5DD6-41BC-AC77-701157F57D30}
		{4CE988BF-258E-4130-A6E0-BC492FCF81D0} = {77AEC930-5DD6-41BC-AC77-701157F57D30}
		{693AC6DE-11D4-4072-AE8F-CE223776E28E} = {77AEC930-5DD6-41BC-AC77-701157F57D30}
		{8619709B-95C3-4E5E-96BA-C20C73166AD7} = {BDC790AA-A0D4-459F-A936-11031AAA97BD}
		{995D8235-60C0-48B6-892F-0BE673459259} = {BDC790AA-A0D4-459F-A936-11031AAA97BD}
		{1AA4014F-12CD-4E52-9E5E-329E6843F288} = {BDC790AA-A0D4-459F-A936-11031AAA97BD}
		{0CED12A3-30E6-4942-8452-52056FB1361C} = {BDC790AA-A0D4-459F-A936-11031AAA97BD}
		{B07879D8-0E9E-42A2-843C-10F0566CAD95} = {BDC790AA-A0D4-459F-A936-11031AAA97BD}
	EndGlobalSection
EndGlobal
