
Microsoft Visual Studio Solution File, Format Version 12.00
# Visual Studio Version 17
VisualStudioVersion = 17.0.31903.59
MinimumVisualStudioVersion = 10.0.40219.1
Project("{2150E333-8FDC-42A3-9474-1A3956D46DE8}") = "src", "src", "{77AEC930-5DD6-41BC-AC77-701157F57D30}"
EndProject
Project("{FAE04EC0-301F-11D3-BF4B-00C04F79EFBC}") = "ASG.Application", "src\ASG.Application\ASG.Application.csproj", "{D8AA2043-28DA-4E84-AC00-860C69436D35}"
EndProject
Project("{FAE04EC0-301F-11D3-BF4B-00C04F79EFBC}") = "ASG.ConsoleApp", "src\ASG.ConsoleApp\ASG.ConsoleApp.csproj", "{8CEBB8D2-F78F-40A8-A87F-7D0311150DB5}"
EndProject
Project("{FAE04EC0-301F-11D3-BF4B-00C04F79EFBC}") = "ASG.Domain", "src\ASG.Domain\ASG.Domain.csproj", "{0A4F52DE-E960-4A1C-A01A-4A8343F49C8E}"
EndProject
Project("{FAE04EC0-301F-11D3-BF4B-00C04F79EFBC}") = "ASG.Infrastructure", "src\ASG.Infrastructure\ASG.Infrastructure.csproj", "{50D905BC-3D47-4065-9009-6592FC04EFFC}"
EndProject
Project("{FAE04EC0-301F-11D3-BF4B-00C04F79EFBC}") = "ASG.Api", "src\ASG.Api\ASG.Api.csproj", "{4CE988BF-258E-4130-A6E0-BC492FCF81D0}"
EndProject
Project("{FAE04EC0-301F-11D3-BF4B-00C04F79EFBC}") = "ASG.Contracts", "src\ASG.Contracts\ASG.Contracts.csproj", "{693AC6DE-11D4-4072-AE8F-CE223776E28E}"
EndProject
Global
	GlobalSection(SolutionConfigurationPlatforms) = preSolution
		Debug|Any CPU = Debug|Any CPU
		Release|Any CPU = Release|Any CPU
	EndGlobalSection
	GlobalSection(SolutionProperties) = preSolution
		HideSolutionNode = FALSE
	EndGlobalSection
	GlobalSection(ProjectConfigurationPlatforms) = postSolution
		{D8AA2043-28DA-4E84-AC00-860C69436D35}.Debug|Any CPU.ActiveCfg = Debug|Any CPU
		{D8AA2043-28DA-4E84-AC00-860C69436D35}.Debug|Any CPU.Build.0 = Debug|Any CPU
		{D8AA2043-28DA-4E84-AC00-860C69436D35}.Release|Any CPU.ActiveCfg = Release|Any CPU
		{D8AA2043-28DA-4E84-AC00-860C69436D35}.Release|Any CPU.Build.0 = Release|Any CPU
		{8CEBB8D2-F78F-40A8-A87F-7D0311150DB5}.Debug|Any CPU.ActiveCfg = Debug|Any CPU
		{8CEBB8D2-F78F-40A8-A87F-7D0311150DB5}.Debug|Any CPU.Build.0 = Debug|Any CPU
		{8CEBB8D2-F78F-40A8-A87F-7D0311150DB5}.Release|Any CPU.ActiveCfg = Release|Any CPU
		{8CEBB8D2-F78F-40A8-A87F-7D0311150DB5}.Release|Any CPU.Build.0 = Release|Any CPU
		{0A4F52DE-E960-4A1C-A01A-4A8343F49C8E}.Debug|Any CPU.ActiveCfg = Debug|Any CPU
		{0A4F52DE-E960-4A1C-A01A-4A8343F49C8E}.Debug|Any CPU.Build.0 = Debug|Any CPU
		{0A4F52DE-E960-4A1C-A01A-4A8343F49C8E}.Release|Any CPU.ActiveCfg = Release|Any CPU
		{0A4F52DE-E960-4A1C-A01A-4A8343F49C8E}.Release|Any CPU.Build.0 = Release|Any CPU
		{50D905BC-3D47-4065-9009-6592FC04EFFC}.Debug|Any CPU.ActiveCfg = Debug|Any CPU
		{50D905BC-3D47-4065-9009-6592FC04EFFC}.Debug|Any CPU.Build.0 = Debug|Any CPU
		{50D905BC-3D47-4065-9009-6592FC04EFFC}.Release|Any CPU.ActiveCfg = Release|Any CPU
		{50D905BC-3D47-4065-9009-6592FC04EFFC}.Release|Any CPU.Build.0 = Release|Any CPU
		{4CE988BF-258E-4130-A6E0-BC492FCF81D0}.Debug|Any CPU.ActiveCfg = Debug|Any CPU
		{4CE988BF-258E-4130-A6E0-BC492FCF81D0}.Debug|Any CPU.Build.0 = Debug|Any CPU
		{4CE988BF-258E-4130-A6E0-BC492FCF81D0}.Release|Any CPU.ActiveCfg = Release|Any CPU
		{4CE988BF-258E-4130-A6E0-BC492FCF81D0}.Release|Any CPU.Build.0 = Release|Any CPU
		{693AC6DE-11D4-4072-AE8F-CE223776E28E}.Debug|Any CPU.ActiveCfg = Debug|Any CPU
		{693AC6DE-11D4-4072-AE8F-CE223776E28E}.Debug|Any CPU.Build.0 = Debug|Any CPU
		{693AC6DE-11D4-4072-AE8F-CE223776E28E}.Release|Any CPU.ActiveCfg = Release|Any CPU
		{693AC6DE-11D4-4072-AE8F-CE223776E28E}.Release|Any CPU.Build.0 = Release|Any CPU
	EndGlobalSection
	GlobalSection(NestedProjects) = preSolution
		{D8AA2043-28DA-4E84-AC00-860C69436D35} = {77AEC930-5DD6-41BC-AC77-701157F57D30}
		{8CEBB8D2-F78F-40A8-A87F-7D0311150DB5} = {77AEC930-5DD6-41BC-AC77-701157F57D30}
		{0A4F52DE-E960-4A1C-A01A-4A8343F49C8E} = {77AEC930-5DD6-41BC-AC77-701157F57D30}
		{50D905BC-3D47-4065-9009-6592FC04EFFC} = {77AEC930-5DD6-41BC-AC77-701157F57D30}
		{4CE988BF-258E-4130-A6E0-BC492FCF81D0} = {77AEC930-5DD6-41BC-AC77-701157F57D30}
		{693AC6DE-11D4-4072-AE8F-CE223776E28E} = {77AEC930-5DD6-41BC-AC77-701157F57D30}
	EndGlobalSection
EndGlobal
